// !$*UTF8*$!
{
	archiveVersion = 1;
	classes = {
	};
	objectVersion = 55;
	objects = {

/* Begin PBXBuildFile section */
		B5B914B828CC8FDB004E3077 /* AppDelegate.swift in Sources */ = {isa = PBXBuildFile; fileRef = B5B914B728CC8FDB004E3077 /* AppDelegate.swift */; };
		B5B914BA28CC8FDB004E3077 /* SceneDelegate.swift in Sources */ = {isa = PBXBuildFile; fileRef = B5B914B928CC8FDB004E3077 /* SceneDelegate.swift */; };
		B5B914BF28CC8FDB004E3077 /* Main.storyboard in Resources */ = {isa = PBXBuildFile; fileRef = B5B914BD28CC8FDB004E3077 /* Main.storyboard */; };
		B5B914C128CC8FDC004E3077 /* Assets.xcassets in Resources */ = {isa = PBXBuildFile; fileRef = B5B914C028CC8FDC004E3077 /* Assets.xcassets */; };
		B5B914C428CC8FDC004E3077 /* LaunchScreen.storyboard in Resources */ = {isa = PBXBuildFile; fileRef = B5B914C228CC8FDC004E3077 /* LaunchScreen.storyboard */; };
		B5B914CF28CC8FDD004E3077 /* SpaceXTests.swift in Sources */ = {isa = PBXBuildFile; fileRef = B5B914CE28CC8FDD004E3077 /* SpaceXTests.swift */; };
		B5B914D928CC8FDD004E3077 /* SpaceXUITests.swift in Sources */ = {isa = PBXBuildFile; fileRef = B5B914D828CC8FDD004E3077 /* SpaceXUITests.swift */; };
		B5B914DB28CC8FDD004E3077 /* SpaceXUITestsLaunchTests.swift in Sources */ = {isa = PBXBuildFile; fileRef = B5B914DA28CC8FDD004E3077 /* SpaceXUITestsLaunchTests.swift */; };
		B5B914EE28CC9384004E3077 /* NetworkManager.swift in Sources */ = {isa = PBXBuildFile; fileRef = B5B914ED28CC9384004E3077 /* NetworkManager.swift */; };
		B5B914F028CC93A6004E3077 /* DataManager.swift in Sources */ = {isa = PBXBuildFile; fileRef = B5B914EF28CC93A6004E3077 /* DataManager.swift */; };
		B5B914F728CC95D0004E3077 /* NavigationController.swift in Sources */ = {isa = PBXBuildFile; fileRef = B5B914F628CC95D0004E3077 /* NavigationController.swift */; };
		B5B914F928CC95E4004E3077 /* Router.swift in Sources */ = {isa = PBXBuildFile; fileRef = B5B914F828CC95E4004E3077 /* Router.swift */; };
		B5B914FB28CC9607004E3077 /* AssemblyBuilder.swift in Sources */ = {isa = PBXBuildFile; fileRef = B5B914FA28CC9607004E3077 /* AssemblyBuilder.swift */; };
		B5B9150428CC970F004E3077 /* RocketModel.swift in Sources */ = {isa = PBXBuildFile; fileRef = B5B9150328CC970F004E3077 /* RocketModel.swift */; };
		B5B9150728CC9743004E3077 /* BasePageViewController.swift in Sources */ = {isa = PBXBuildFile; fileRef = B5B9150628CC9743004E3077 /* BasePageViewController.swift */; };
		B5B9150928CC975D004E3077 /* BasePresenter.swift in Sources */ = {isa = PBXBuildFile; fileRef = B5B9150828CC975D004E3077 /* BasePresenter.swift */; };
		B5B9151328CC984F004E3077 /* RocketData.swift in Sources */ = {isa = PBXBuildFile; fileRef = B5B9151228CC984F004E3077 /* RocketData.swift */; };
		B5B9151528CC9875004E3077 /* MainViewController.swift in Sources */ = {isa = PBXBuildFile; fileRef = B5B9151428CC9875004E3077 /* MainViewController.swift */; };
		B5B9151928CC98C1004E3077 /* MainView.swift in Sources */ = {isa = PBXBuildFile; fileRef = B5B9151828CC98C1004E3077 /* MainView.swift */; };
		B5B9151E28CC9926004E3077 /* MainViewHeader.swift in Sources */ = {isa = PBXBuildFile; fileRef = B5B9151D28CC9926004E3077 /* MainViewHeader.swift */; };
		B5B9152028CC9959004E3077 /* MainCollectionViewViewModel.swift in Sources */ = {isa = PBXBuildFile; fileRef = B5B9151F28CC9959004E3077 /* MainCollectionViewViewModel.swift */; };
		B5B9152328CC998E004E3077 /* MainCollectionViewCell.swift in Sources */ = {isa = PBXBuildFile; fileRef = B5B9152228CC998E004E3077 /* MainCollectionViewCell.swift */; };
		B5B9152628CC99BF004E3077 /* MainCollectionViewCellViewModelProtocol.swift in Sources */ = {isa = PBXBuildFile; fileRef = B5B9152528CC99BF004E3077 /* MainCollectionViewCellViewModelProtocol.swift */; };
		B5B9152A28CC9A1A004E3077 /* MainTableViewViewModel.swift in Sources */ = {isa = PBXBuildFile; fileRef = B5B9152928CC9A1A004E3077 /* MainTableViewViewModel.swift */; };
		B5B9152D28CC9B92004E3077 /* MainFirstSectionTableViewCell.swift in Sources */ = {isa = PBXBuildFile; fileRef = B5B9152C28CC9B92004E3077 /* MainFirstSectionTableViewCell.swift */; };
		B5B9152F28CC9BA5004E3077 /* MainStageSectionCell.swift in Sources */ = {isa = PBXBuildFile; fileRef = B5B9152E28CC9BA5004E3077 /* MainStageSectionCell.swift */; };
		B5B9153128CC9BD2004E3077 /* MainShowButtonCell.swift in Sources */ = {isa = PBXBuildFile; fileRef = B5B9153028CC9BD2004E3077 /* MainShowButtonCell.swift */; };
		B5B9153428CC9C14004E3077 /* MainTableViewCellViewModel.swift in Sources */ = {isa = PBXBuildFile; fileRef = B5B9153328CC9C14004E3077 /* MainTableViewCellViewModel.swift */; };
		B5B9153628CC9C23004E3077 /* MainInfoSectionViewModel.swift in Sources */ = {isa = PBXBuildFile; fileRef = B5B9153528CC9C23004E3077 /* MainInfoSectionViewModel.swift */; };
		B5B9153828CC9C2F004E3077 /* MainStageSectionViewModel.swift in Sources */ = {isa = PBXBuildFile; fileRef = B5B9153728CC9C2F004E3077 /* MainStageSectionViewModel.swift */; };
		B5B9153A28CC9C3C004E3077 /* MainButtonSectionViewModel.swift in Sources */ = {isa = PBXBuildFile; fileRef = B5B9153928CC9C3C004E3077 /* MainButtonSectionViewModel.swift */; };
		B5B9153C28CC9C58004E3077 /* MainSectionHeader.swift in Sources */ = {isa = PBXBuildFile; fileRef = B5B9153B28CC9C58004E3077 /* MainSectionHeader.swift */; };
		B5B9153E28CC9C8F004E3077 /* MainPresenter.swift in Sources */ = {isa = PBXBuildFile; fileRef = B5B9153D28CC9C8F004E3077 /* MainPresenter.swift */; };
		B5B9154028CC9CAE004E3077 /* LaunchModel.swift in Sources */ = {isa = PBXBuildFile; fileRef = B5B9153F28CC9CAE004E3077 /* LaunchModel.swift */; };
		B5B9154228CC9CCF004E3077 /* DetailsViewController.swift in Sources */ = {isa = PBXBuildFile; fileRef = B5B9154128CC9CCF004E3077 /* DetailsViewController.swift */; };
		B5B9154628CC9D09004E3077 /* DetailsCollectionViewModel.swift in Sources */ = {isa = PBXBuildFile; fileRef = B5B9154528CC9D09004E3077 /* DetailsCollectionViewModel.swift */; };
		B5B9154828CC9D21004E3077 /* DetailsCollectionCell.swift in Sources */ = {isa = PBXBuildFile; fileRef = B5B9154728CC9D21004E3077 /* DetailsCollectionCell.swift */; };
		B5B9154B28CC9D4E004E3077 /* DetailsCollectionCellViewModel.swift in Sources */ = {isa = PBXBuildFile; fileRef = B5B9154A28CC9D4E004E3077 /* DetailsCollectionCellViewModel.swift */; };
		B5B9154D28CC9D6D004E3077 /* DetailsPresenter.swift in Sources */ = {isa = PBXBuildFile; fileRef = B5B9154C28CC9D6D004E3077 /* DetailsPresenter.swift */; };
		B5B9154F28CC9D8C004E3077 /* SettingsViewController.swift in Sources */ = {isa = PBXBuildFile; fileRef = B5B9154E28CC9D8C004E3077 /* SettingsViewController.swift */; };
		B5B9155228CC9DC5004E3077 /* SettingsView.swift in Sources */ = {isa = PBXBuildFile; fileRef = B5B9155128CC9DC5004E3077 /* SettingsView.swift */; };
		B5B9155428CC9DD2004E3077 /* SettingsItemView.swift in Sources */ = {isa = PBXBuildFile; fileRef = B5B9155328CC9DD2004E3077 /* SettingsItemView.swift */; };
		B5B9155628CC9DEE004E3077 /* SettingsPresenter.swift in Sources */ = {isa = PBXBuildFile; fileRef = B5B9155528CC9DEE004E3077 /* SettingsPresenter.swift */; };
/* End PBXBuildFile section */

/* Begin PBXContainerItemProxy section */
		B5B914CB28CC8FDD004E3077 /* PBXContainerItemProxy */ = {
			isa = PBXContainerItemProxy;
			containerPortal = B5B914AC28CC8FDB004E3077 /* Project object */;
			proxyType = 1;
			remoteGlobalIDString = B5B914B328CC8FDB004E3077;
			remoteInfo = SpaceX;
		};
		B5B914D528CC8FDD004E3077 /* PBXContainerItemProxy */ = {
			isa = PBXContainerItemProxy;
			containerPortal = B5B914AC28CC8FDB004E3077 /* Project object */;
			proxyType = 1;
			remoteGlobalIDString = B5B914B328CC8FDB004E3077;
			remoteInfo = SpaceX;
		};
/* End PBXContainerItemProxy section */

/* Begin PBXFileReference section */
		B5B914B428CC8FDB004E3077 /* SpaceX.app */ = {isa = PBXFileReference; explicitFileType = wrapper.application; includeInIndex = 0; path = SpaceX.app; sourceTree = BUILT_PRODUCTS_DIR; };
		B5B914B728CC8FDB004E3077 /* AppDelegate.swift */ = {isa = PBXFileReference; lastKnownFileType = sourcecode.swift; path = AppDelegate.swift; sourceTree = "<group>"; };
		B5B914B928CC8FDB004E3077 /* SceneDelegate.swift */ = {isa = PBXFileReference; lastKnownFileType = sourcecode.swift; path = SceneDelegate.swift; sourceTree = "<group>"; };
		B5B914BE28CC8FDB004E3077 /* Base */ = {isa = PBXFileReference; lastKnownFileType = file.storyboard; name = Base; path = Base.lproj/Main.storyboard; sourceTree = "<group>"; };
		B5B914C028CC8FDC004E3077 /* Assets.xcassets */ = {isa = PBXFileReference; lastKnownFileType = folder.assetcatalog; path = Assets.xcassets; sourceTree = "<group>"; };
		B5B914C328CC8FDC004E3077 /* Base */ = {isa = PBXFileReference; lastKnownFileType = file.storyboard; name = Base; path = Base.lproj/LaunchScreen.storyboard; sourceTree = "<group>"; };
		B5B914C528CC8FDC004E3077 /* Info.plist */ = {isa = PBXFileReference; lastKnownFileType = text.plist.xml; path = Info.plist; sourceTree = "<group>"; };
		B5B914CA28CC8FDD004E3077 /* SpaceXTests.xctest */ = {isa = PBXFileReference; explicitFileType = wrapper.cfbundle; includeInIndex = 0; path = SpaceXTests.xctest; sourceTree = BUILT_PRODUCTS_DIR; };
		B5B914CE28CC8FDD004E3077 /* SpaceXTests.swift */ = {isa = PBXFileReference; lastKnownFileType = sourcecode.swift; path = SpaceXTests.swift; sourceTree = "<group>"; };
		B5B914D428CC8FDD004E3077 /* SpaceXUITests.xctest */ = {isa = PBXFileReference; explicitFileType = wrapper.cfbundle; includeInIndex = 0; path = SpaceXUITests.xctest; sourceTree = BUILT_PRODUCTS_DIR; };
		B5B914D828CC8FDD004E3077 /* SpaceXUITests.swift */ = {isa = PBXFileReference; lastKnownFileType = sourcecode.swift; path = SpaceXUITests.swift; sourceTree = "<group>"; };
		B5B914DA28CC8FDD004E3077 /* SpaceXUITestsLaunchTests.swift */ = {isa = PBXFileReference; lastKnownFileType = sourcecode.swift; path = SpaceXUITestsLaunchTests.swift; sourceTree = "<group>"; };
		B5B914ED28CC9384004E3077 /* NetworkManager.swift */ = {isa = PBXFileReference; lastKnownFileType = sourcecode.swift; path = NetworkManager.swift; sourceTree = "<group>"; };
		B5B914EF28CC93A6004E3077 /* DataManager.swift */ = {isa = PBXFileReference; lastKnownFileType = sourcecode.swift; path = DataManager.swift; sourceTree = "<group>"; };
		B5B914F628CC95D0004E3077 /* NavigationController.swift */ = {isa = PBXFileReference; lastKnownFileType = sourcecode.swift; path = NavigationController.swift; sourceTree = "<group>"; };
		B5B914F828CC95E4004E3077 /* Router.swift */ = {isa = PBXFileReference; lastKnownFileType = sourcecode.swift; path = Router.swift; sourceTree = "<group>"; };
		B5B914FA28CC9607004E3077 /* AssemblyBuilder.swift */ = {isa = PBXFileReference; lastKnownFileType = sourcecode.swift; path = AssemblyBuilder.swift; sourceTree = "<group>"; };
		B5B9150328CC970F004E3077 /* RocketModel.swift */ = {isa = PBXFileReference; lastKnownFileType = sourcecode.swift; path = RocketModel.swift; sourceTree = "<group>"; };
		B5B9150628CC9743004E3077 /* BasePageViewController.swift */ = {isa = PBXFileReference; lastKnownFileType = sourcecode.swift; path = BasePageViewController.swift; sourceTree = "<group>"; };
		B5B9150828CC975D004E3077 /* BasePresenter.swift */ = {isa = PBXFileReference; lastKnownFileType = sourcecode.swift; path = BasePresenter.swift; sourceTree = "<group>"; };
		B5B9151228CC984F004E3077 /* RocketData.swift */ = {isa = PBXFileReference; lastKnownFileType = sourcecode.swift; path = RocketData.swift; sourceTree = "<group>"; };
		B5B9151428CC9875004E3077 /* MainViewController.swift */ = {isa = PBXFileReference; lastKnownFileType = sourcecode.swift; path = MainViewController.swift; sourceTree = "<group>"; };
		B5B9151828CC98C1004E3077 /* MainView.swift */ = {isa = PBXFileReference; lastKnownFileType = sourcecode.swift; path = MainView.swift; sourceTree = "<group>"; };
		B5B9151D28CC9926004E3077 /* MainViewHeader.swift */ = {isa = PBXFileReference; lastKnownFileType = sourcecode.swift; path = MainViewHeader.swift; sourceTree = "<group>"; };
		B5B9151F28CC9959004E3077 /* MainCollectionViewViewModel.swift */ = {isa = PBXFileReference; lastKnownFileType = sourcecode.swift; path = MainCollectionViewViewModel.swift; sourceTree = "<group>"; };
		B5B9152228CC998E004E3077 /* MainCollectionViewCell.swift */ = {isa = PBXFileReference; lastKnownFileType = sourcecode.swift; path = MainCollectionViewCell.swift; sourceTree = "<group>"; };
		B5B9152528CC99BF004E3077 /* MainCollectionViewCellViewModelProtocol.swift */ = {isa = PBXFileReference; lastKnownFileType = sourcecode.swift; path = MainCollectionViewCellViewModelProtocol.swift; sourceTree = "<group>"; };
		B5B9152928CC9A1A004E3077 /* MainTableViewViewModel.swift */ = {isa = PBXFileReference; lastKnownFileType = sourcecode.swift; path = MainTableViewViewModel.swift; sourceTree = "<group>"; };
		B5B9152C28CC9B92004E3077 /* MainFirstSectionTableViewCell.swift */ = {isa = PBXFileReference; lastKnownFileType = sourcecode.swift; path = MainFirstSectionTableViewCell.swift; sourceTree = "<group>"; };
		B5B9152E28CC9BA5004E3077 /* MainStageSectionCell.swift */ = {isa = PBXFileReference; lastKnownFileType = sourcecode.swift; path = MainStageSectionCell.swift; sourceTree = "<group>"; };
		B5B9153028CC9BD2004E3077 /* MainShowButtonCell.swift */ = {isa = PBXFileReference; lastKnownFileType = sourcecode.swift; path = MainShowButtonCell.swift; sourceTree = "<group>"; };
		B5B9153328CC9C14004E3077 /* MainTableViewCellViewModel.swift */ = {isa = PBXFileReference; lastKnownFileType = sourcecode.swift; path = MainTableViewCellViewModel.swift; sourceTree = "<group>"; };
		B5B9153528CC9C23004E3077 /* MainInfoSectionViewModel.swift */ = {isa = PBXFileReference; lastKnownFileType = sourcecode.swift; path = MainInfoSectionViewModel.swift; sourceTree = "<group>"; };
		B5B9153728CC9C2F004E3077 /* MainStageSectionViewModel.swift */ = {isa = PBXFileReference; lastKnownFileType = sourcecode.swift; path = MainStageSectionViewModel.swift; sourceTree = "<group>"; };
		B5B9153928CC9C3C004E3077 /* MainButtonSectionViewModel.swift */ = {isa = PBXFileReference; lastKnownFileType = sourcecode.swift; path = MainButtonSectionViewModel.swift; sourceTree = "<group>"; };
		B5B9153B28CC9C58004E3077 /* MainSectionHeader.swift */ = {isa = PBXFileReference; lastKnownFileType = sourcecode.swift; path = MainSectionHeader.swift; sourceTree = "<group>"; };
		B5B9153D28CC9C8F004E3077 /* MainPresenter.swift */ = {isa = PBXFileReference; lastKnownFileType = sourcecode.swift; path = MainPresenter.swift; sourceTree = "<group>"; };
		B5B9153F28CC9CAE004E3077 /* LaunchModel.swift */ = {isa = PBXFileReference; lastKnownFileType = sourcecode.swift; path = LaunchModel.swift; sourceTree = "<group>"; };
		B5B9154128CC9CCF004E3077 /* DetailsViewController.swift */ = {isa = PBXFileReference; lastKnownFileType = sourcecode.swift; path = DetailsViewController.swift; sourceTree = "<group>"; };
		B5B9154528CC9D09004E3077 /* DetailsCollectionViewModel.swift */ = {isa = PBXFileReference; lastKnownFileType = sourcecode.swift; path = DetailsCollectionViewModel.swift; sourceTree = "<group>"; };
		B5B9154728CC9D21004E3077 /* DetailsCollectionCell.swift */ = {isa = PBXFileReference; lastKnownFileType = sourcecode.swift; path = DetailsCollectionCell.swift; sourceTree = "<group>"; };
		B5B9154A28CC9D4E004E3077 /* DetailsCollectionCellViewModel.swift */ = {isa = PBXFileReference; lastKnownFileType = sourcecode.swift; path = DetailsCollectionCellViewModel.swift; sourceTree = "<group>"; };
		B5B9154C28CC9D6D004E3077 /* DetailsPresenter.swift */ = {isa = PBXFileReference; lastKnownFileType = sourcecode.swift; path = DetailsPresenter.swift; sourceTree = "<group>"; };
		B5B9154E28CC9D8C004E3077 /* SettingsViewController.swift */ = {isa = PBXFileReference; lastKnownFileType = sourcecode.swift; path = SettingsViewController.swift; sourceTree = "<group>"; };
		B5B9155128CC9DC5004E3077 /* SettingsView.swift */ = {isa = PBXFileReference; lastKnownFileType = sourcecode.swift; path = SettingsView.swift; sourceTree = "<group>"; };
		B5B9155328CC9DD2004E3077 /* SettingsItemView.swift */ = {isa = PBXFileReference; lastKnownFileType = sourcecode.swift; path = SettingsItemView.swift; sourceTree = "<group>"; };
		B5B9155528CC9DEE004E3077 /* SettingsPresenter.swift */ = {isa = PBXFileReference; lastKnownFileType = sourcecode.swift; path = SettingsPresenter.swift; sourceTree = "<group>"; };
/* End PBXFileReference section */

/* Begin PBXFrameworksBuildPhase section */
		B5B914B128CC8FDB004E3077 /* Frameworks */ = {
			isa = PBXFrameworksBuildPhase;
			buildActionMask = 2147483647;
			files = (
			);
			runOnlyForDeploymentPostprocessing = 0;
		};
		B5B914C728CC8FDD004E3077 /* Frameworks */ = {
			isa = PBXFrameworksBuildPhase;
			buildActionMask = 2147483647;
			files = (
			);
			runOnlyForDeploymentPostprocessing = 0;
		};
		B5B914D128CC8FDD004E3077 /* Frameworks */ = {
			isa = PBXFrameworksBuildPhase;
			buildActionMask = 2147483647;
			files = (
			);
			runOnlyForDeploymentPostprocessing = 0;
		};
/* End PBXFrameworksBuildPhase section */

/* Begin PBXGroup section */
		B5B914AB28CC8FDB004E3077 = {
			isa = PBXGroup;
			children = (
				B5B914B628CC8FDB004E3077 /* SpaceX */,
				B5B914CD28CC8FDD004E3077 /* SpaceXTests */,
				B5B914D728CC8FDD004E3077 /* SpaceXUITests */,
				B5B914B528CC8FDB004E3077 /* Products */,
			);
			sourceTree = "<group>";
		};
		B5B914B528CC8FDB004E3077 /* Products */ = {
			isa = PBXGroup;
			children = (
				B5B914B428CC8FDB004E3077 /* SpaceX.app */,
				B5B914CA28CC8FDD004E3077 /* SpaceXTests.xctest */,
				B5B914D428CC8FDD004E3077 /* SpaceXUITests.xctest */,
			);
			name = Products;
			sourceTree = "<group>";
		};
		B5B914B628CC8FDB004E3077 /* SpaceX */ = {
			isa = PBXGroup;
			children = (
				B5B914EA28CC92EF004E3077 /* Services */,
				B5B914E928CC92E4004E3077 /* Core */,
				B5B914EC28CC9333004E3077 /* Resource */,
				B5B914EB28CC9317004E3077 /* Other */,
			);
			path = SpaceX;
			sourceTree = "<group>";
		};
		B5B914CD28CC8FDD004E3077 /* SpaceXTests */ = {
			isa = PBXGroup;
			children = (
				B5B914CE28CC8FDD004E3077 /* SpaceXTests.swift */,
			);
			path = SpaceXTests;
			sourceTree = "<group>";
		};
		B5B914D728CC8FDD004E3077 /* SpaceXUITests */ = {
			isa = PBXGroup;
			children = (
				B5B914D828CC8FDD004E3077 /* SpaceXUITests.swift */,
				B5B914DA28CC8FDD004E3077 /* SpaceXUITestsLaunchTests.swift */,
			);
			path = SpaceXUITests;
			sourceTree = "<group>";
		};
		B5B914E728CC9071004E3077 /* Storyabords */ = {
			isa = PBXGroup;
			children = (
				B5B914BD28CC8FDB004E3077 /* Main.storyboard */,
				B5B914C228CC8FDC004E3077 /* LaunchScreen.storyboard */,
			);
			path = Storyabords;
			sourceTree = "<group>";
		};
		B5B914E828CC9080004E3077 /* Delegate */ = {
			isa = PBXGroup;
			children = (
				B5B914B728CC8FDB004E3077 /* AppDelegate.swift */,
				B5B914B928CC8FDB004E3077 /* SceneDelegate.swift */,
			);
			path = Delegate;
			sourceTree = "<group>";
		};
		B5B914E928CC92E4004E3077 /* Core */ = {
			isa = PBXGroup;
			children = (
				B5B914E828CC9080004E3077 /* Delegate */,
				B5B914F128CC94E7004E3077 /* Root */,
				B5B914F228CC94F8004E3077 /* Routing */,
				B5B914F328CC9506004E3077 /* Assembly */,
				B5B914F428CC9523004E3077 /* Modules */,
				B5B914F528CC9537004E3077 /* PropertyList */,
			);
			path = Core;
			sourceTree = "<group>";
		};
		B5B914EA28CC92EF004E3077 /* Services */ = {
			isa = PBXGroup;
			children = (
				B5B914ED28CC9384004E3077 /* NetworkManager.swift */,
				B5B914EF28CC93A6004E3077 /* DataManager.swift */,
			);
			path = Services;
			sourceTree = "<group>";
		};
		B5B914EB28CC9317004E3077 /* Other */ = {
			isa = PBXGroup;
			children = (
				B5B914E728CC9071004E3077 /* Storyabords */,
			);
			path = Other;
			sourceTree = "<group>";
		};
		B5B914EC28CC9333004E3077 /* Resource */ = {
			isa = PBXGroup;
			children = (
				B5B914C028CC8FDC004E3077 /* Assets.xcassets */,
			);
			path = Resource;
			sourceTree = "<group>";
		};
		B5B914F128CC94E7004E3077 /* Root */ = {
			isa = PBXGroup;
			children = (
				B5B914F628CC95D0004E3077 /* NavigationController.swift */,
			);
			path = Root;
			sourceTree = "<group>";
		};
		B5B914F228CC94F8004E3077 /* Routing */ = {
			isa = PBXGroup;
			children = (
				B5B914F828CC95E4004E3077 /* Router.swift */,
			);
			path = Routing;
			sourceTree = "<group>";
		};
		B5B914F328CC9506004E3077 /* Assembly */ = {
			isa = PBXGroup;
			children = (
				B5B914FA28CC9607004E3077 /* AssemblyBuilder.swift */,
			);
			path = Assembly;
			sourceTree = "<group>";
		};
		B5B914F428CC9523004E3077 /* Modules */ = {
			isa = PBXGroup;
			children = (
				B5B914FC28CC9671004E3077 /* BaseModule */,
				B5B914FD28CC967E004E3077 /* MainModule */,
				B5B914FE28CC968E004E3077 /* DetailsModule */,
				B5B914FF28CC96A0004E3077 /* SettingsModule */,
			);
			path = Modules;
			sourceTree = "<group>";
		};
		B5B914F528CC9537004E3077 /* PropertyList */ = {
			isa = PBXGroup;
			children = (
				B5B914C528CC8FDC004E3077 /* Info.plist */,
			);
			path = PropertyList;
			sourceTree = "<group>";
		};
		B5B914FC28CC9671004E3077 /* BaseModule */ = {
			isa = PBXGroup;
			children = (
				B5B9150028CC96CC004E3077 /* Model */,
				B5B9150128CC96D6004E3077 /* View */,
				B5B9150228CC96DD004E3077 /* Presenter */,
			);
			path = BaseModule;
			sourceTree = "<group>";
		};
		B5B914FD28CC967E004E3077 /* MainModule */ = {
			isa = PBXGroup;
			children = (
				B5B9150C28CC979D004E3077 /* Model */,
				B5B9150B28CC9797004E3077 /* View */,
				B5B9150A28CC978A004E3077 /* Presenter */,
			);
			path = MainModule;
			sourceTree = "<group>";
		};
		B5B914FE28CC968E004E3077 /* DetailsModule */ = {
			isa = PBXGroup;
			children = (
				B5B9150F28CC97DE004E3077 /* Model */,
				B5B9150E28CC97D7004E3077 /* View */,
				B5B9150D28CC97C6004E3077 /* Presenter */,
			);
			path = DetailsModule;
			sourceTree = "<group>";
		};
		B5B914FF28CC96A0004E3077 /* SettingsModule */ = {
			isa = PBXGroup;
			children = (
				B5B9151128CC980E004E3077 /* View */,
				B5B9151028CC9803004E3077 /* Presenter */,
			);
			path = SettingsModule;
			sourceTree = "<group>";
		};
		B5B9150028CC96CC004E3077 /* Model */ = {
			isa = PBXGroup;
			children = (
				B5B9150328CC970F004E3077 /* RocketModel.swift */,
			);
			path = Model;
			sourceTree = "<group>";
		};
		B5B9150128CC96D6004E3077 /* View */ = {
			isa = PBXGroup;
			children = (
				B5B9150628CC9743004E3077 /* BasePageViewController.swift */,
			);
			path = View;
			sourceTree = "<group>";
		};
		B5B9150228CC96DD004E3077 /* Presenter */ = {
			isa = PBXGroup;
			children = (
				B5B9150828CC975D004E3077 /* BasePresenter.swift */,
			);
			path = Presenter;
			sourceTree = "<group>";
		};
		B5B9150A28CC978A004E3077 /* Presenter */ = {
			isa = PBXGroup;
			children = (
				B5B9153D28CC9C8F004E3077 /* MainPresenter.swift */,
			);
			path = Presenter;
			sourceTree = "<group>";
		};
		B5B9150B28CC9797004E3077 /* View */ = {
			isa = PBXGroup;
			children = (
				B5B9151428CC9875004E3077 /* MainViewController.swift */,
				B5B9151628CC9883004E3077 /* Subviews */,
			);
			path = View;
			sourceTree = "<group>";
		};
		B5B9150C28CC979D004E3077 /* Model */ = {
			isa = PBXGroup;
			children = (
				B5B9151228CC984F004E3077 /* RocketData.swift */,
			);
			path = Model;
			sourceTree = "<group>";
		};
		B5B9150D28CC97C6004E3077 /* Presenter */ = {
			isa = PBXGroup;
			children = (
				B5B9154C28CC9D6D004E3077 /* DetailsPresenter.swift */,
			);
			path = Presenter;
			sourceTree = "<group>";
		};
		B5B9150E28CC97D7004E3077 /* View */ = {
			isa = PBXGroup;
			children = (
				B5B9154128CC9CCF004E3077 /* DetailsViewController.swift */,
				B5B9154328CC9CD9004E3077 /* ViewModel */,
				B5B9154428CC9CE9004E3077 /* Cell */,
			);
			path = View;
			sourceTree = "<group>";
		};
		B5B9150F28CC97DE004E3077 /* Model */ = {
			isa = PBXGroup;
			children = (
				B5B9153F28CC9CAE004E3077 /* LaunchModel.swift */,
			);
			path = Model;
			sourceTree = "<group>";
		};
		B5B9151028CC9803004E3077 /* Presenter */ = {
			isa = PBXGroup;
			children = (
				B5B9155528CC9DEE004E3077 /* SettingsPresenter.swift */,
			);
			path = Presenter;
			sourceTree = "<group>";
		};
		B5B9151128CC980E004E3077 /* View */ = {
			isa = PBXGroup;
			children = (
				B5B9154E28CC9D8C004E3077 /* SettingsViewController.swift */,
				B5B9155028CC9DA5004E3077 /* Subviews */,
			);
			path = View;
			sourceTree = "<group>";
		};
		B5B9151628CC9883004E3077 /* Subviews */ = {
			isa = PBXGroup;
			children = (
				B5B9151728CC9899004E3077 /* MainView */,
			);
			path = Subviews;
			sourceTree = "<group>";
		};
		B5B9151728CC9899004E3077 /* MainView */ = {
			isa = PBXGroup;
			children = (
				B5B9151828CC98C1004E3077 /* MainView.swift */,
				B5B9151A28CC98D2004E3077 /* MainViewHeader */,
				B5B9151B28CC98E3004E3077 /* CollectionView */,
				B5B9151C28CC98F9004E3077 /* TableView */,
			);
			path = MainView;
			sourceTree = "<group>";
		};
		B5B9151A28CC98D2004E3077 /* MainViewHeader */ = {
			isa = PBXGroup;
			children = (
				B5B9151D28CC9926004E3077 /* MainViewHeader.swift */,
			);
			path = MainViewHeader;
			sourceTree = "<group>";
		};
		B5B9151B28CC98E3004E3077 /* CollectionView */ = {
			isa = PBXGroup;
			children = (
				B5B9151F28CC9959004E3077 /* MainCollectionViewViewModel.swift */,
				B5B9152128CC996B004E3077 /* Cell */,
			);
			path = CollectionView;
			sourceTree = "<group>";
		};
		B5B9151C28CC98F9004E3077 /* TableView */ = {
			isa = PBXGroup;
			children = (
				B5B9152928CC9A1A004E3077 /* MainTableViewViewModel.swift */,
				B5B9152728CC99F5004E3077 /* Cells */,
				B5B9152828CC99FF004E3077 /* Header */,
			);
			path = TableView;
			sourceTree = "<group>";
		};
		B5B9152128CC996B004E3077 /* Cell */ = {
			isa = PBXGroup;
			children = (
				B5B9152228CC998E004E3077 /* MainCollectionViewCell.swift */,
				B5B9152428CC999F004E3077 /* ViewModel */,
			);
			path = Cell;
			sourceTree = "<group>";
		};
		B5B9152428CC999F004E3077 /* ViewModel */ = {
			isa = PBXGroup;
			children = (
				B5B9152528CC99BF004E3077 /* MainCollectionViewCellViewModelProtocol.swift */,
			);
			path = ViewModel;
			sourceTree = "<group>";
		};
		B5B9152728CC99F5004E3077 /* Cells */ = {
			isa = PBXGroup;
			children = (
				B5B9152C28CC9B92004E3077 /* MainFirstSectionTableViewCell.swift */,
				B5B9152E28CC9BA5004E3077 /* MainStageSectionCell.swift */,
				B5B9153028CC9BD2004E3077 /* MainShowButtonCell.swift */,
				B5B9153228CC9BD6004E3077 /* ViewModels */,
			);
			path = Cells;
			sourceTree = "<group>";
		};
		B5B9152828CC99FF004E3077 /* Header */ = {
			isa = PBXGroup;
			children = (
				B5B9153B28CC9C58004E3077 /* MainSectionHeader.swift */,
			);
			path = Header;
			sourceTree = "<group>";
		};
		B5B9153228CC9BD6004E3077 /* ViewModels */ = {
			isa = PBXGroup;
			children = (
				B5B9153328CC9C14004E3077 /* MainTableViewCellViewModel.swift */,
				B5B9153528CC9C23004E3077 /* MainInfoSectionViewModel.swift */,
				B5B9153728CC9C2F004E3077 /* MainStageSectionViewModel.swift */,
				B5B9153928CC9C3C004E3077 /* MainButtonSectionViewModel.swift */,
			);
			path = ViewModels;
			sourceTree = "<group>";
		};
		B5B9154328CC9CD9004E3077 /* ViewModel */ = {
			isa = PBXGroup;
			children = (
				B5B9154528CC9D09004E3077 /* DetailsCollectionViewModel.swift */,
			);
			path = ViewModel;
			sourceTree = "<group>";
		};
		B5B9154428CC9CE9004E3077 /* Cell */ = {
			isa = PBXGroup;
			children = (
				B5B9154728CC9D21004E3077 /* DetailsCollectionCell.swift */,
				B5B9154928CC9D31004E3077 /* ViewModel */,
			);
			path = Cell;
			sourceTree = "<group>";
		};
		B5B9154928CC9D31004E3077 /* ViewModel */ = {
			isa = PBXGroup;
			children = (
				B5B9154A28CC9D4E004E3077 /* DetailsCollectionCellViewModel.swift */,
			);
			path = ViewModel;
			sourceTree = "<group>";
		};
		B5B9155028CC9DA5004E3077 /* Subviews */ = {
			isa = PBXGroup;
			children = (
				B5B9155128CC9DC5004E3077 /* SettingsView.swift */,
				B5B9155328CC9DD2004E3077 /* SettingsItemView.swift */,
			);
			path = Subviews;
			sourceTree = "<group>";
		};
/* End PBXGroup section */

/* Begin PBXNativeTarget section */
		B5B914B328CC8FDB004E3077 /* SpaceX */ = {
			isa = PBXNativeTarget;
			buildConfigurationList = B5B914DE28CC8FDD004E3077 /* Build configuration list for PBXNativeTarget "SpaceX" */;
			buildPhases = (
				B5B914B028CC8FDB004E3077 /* Sources */,
				B5B914B128CC8FDB004E3077 /* Frameworks */,
				B5B914B228CC8FDB004E3077 /* Resources */,
			);
			buildRules = (
			);
			dependencies = (
			);
			name = SpaceX;
			productName = SpaceX;
			productReference = B5B914B428CC8FDB004E3077 /* SpaceX.app */;
			productType = "com.apple.product-type.application";
		};
		B5B914C928CC8FDD004E3077 /* SpaceXTests */ = {
			isa = PBXNativeTarget;
			buildConfigurationList = B5B914E128CC8FDD004E3077 /* Build configuration list for PBXNativeTarget "SpaceXTests" */;
			buildPhases = (
				B5B914C628CC8FDD004E3077 /* Sources */,
				B5B914C728CC8FDD004E3077 /* Frameworks */,
				B5B914C828CC8FDD004E3077 /* Resources */,
			);
			buildRules = (
			);
			dependencies = (
				B5B914CC28CC8FDD004E3077 /* PBXTargetDependency */,
			);
			name = SpaceXTests;
			productName = SpaceXTests;
			productReference = B5B914CA28CC8FDD004E3077 /* SpaceXTests.xctest */;
			productType = "com.apple.product-type.bundle.unit-test";
		};
		B5B914D328CC8FDD004E3077 /* SpaceXUITests */ = {
			isa = PBXNativeTarget;
			buildConfigurationList = B5B914E428CC8FDD004E3077 /* Build configuration list for PBXNativeTarget "SpaceXUITests" */;
			buildPhases = (
				B5B914D028CC8FDD004E3077 /* Sources */,
				B5B914D128CC8FDD004E3077 /* Frameworks */,
				B5B914D228CC8FDD004E3077 /* Resources */,
			);
			buildRules = (
			);
			dependencies = (
				B5B914D628CC8FDD004E3077 /* PBXTargetDependency */,
			);
			name = SpaceXUITests;
			productName = SpaceXUITests;
			productReference = B5B914D428CC8FDD004E3077 /* SpaceXUITests.xctest */;
			productType = "com.apple.product-type.bundle.ui-testing";
		};
/* End PBXNativeTarget section */

/* Begin PBXProject section */
		B5B914AC28CC8FDB004E3077 /* Project object */ = {
			isa = PBXProject;
			attributes = {
				BuildIndependentTargetsInParallel = 1;
				LastSwiftUpdateCheck = 1320;
				LastUpgradeCheck = 1320;
				TargetAttributes = {
					B5B914B328CC8FDB004E3077 = {
						CreatedOnToolsVersion = 13.2.1;
					};
					B5B914C928CC8FDD004E3077 = {
						CreatedOnToolsVersion = 13.2.1;
						TestTargetID = B5B914B328CC8FDB004E3077;
					};
					B5B914D328CC8FDD004E3077 = {
						CreatedOnToolsVersion = 13.2.1;
						TestTargetID = B5B914B328CC8FDB004E3077;
					};
				};
			};
			buildConfigurationList = B5B914AF28CC8FDB004E3077 /* Build configuration list for PBXProject "SpaceX" */;
			compatibilityVersion = "Xcode 13.0";
			developmentRegion = en;
			hasScannedForEncodings = 0;
			knownRegions = (
				en,
				Base,
			);
			mainGroup = B5B914AB28CC8FDB004E3077;
			productRefGroup = B5B914B528CC8FDB004E3077 /* Products */;
			projectDirPath = "";
			projectRoot = "";
			targets = (
				B5B914B328CC8FDB004E3077 /* SpaceX */,
				B5B914C928CC8FDD004E3077 /* SpaceXTests */,
				B5B914D328CC8FDD004E3077 /* SpaceXUITests */,
			);
		};
/* End PBXProject section */

/* Begin PBXResourcesBuildPhase section */
		B5B914B228CC8FDB004E3077 /* Resources */ = {
			isa = PBXResourcesBuildPhase;
			buildActionMask = 2147483647;
			files = (
				B5B914C428CC8FDC004E3077 /* LaunchScreen.storyboard in Resources */,
				B5B914C128CC8FDC004E3077 /* Assets.xcassets in Resources */,
				B5B914BF28CC8FDB004E3077 /* Main.storyboard in Resources */,
			);
			runOnlyForDeploymentPostprocessing = 0;
		};
		B5B914C828CC8FDD004E3077 /* Resources */ = {
			isa = PBXResourcesBuildPhase;
			buildActionMask = 2147483647;
			files = (
			);
			runOnlyForDeploymentPostprocessing = 0;
		};
		B5B914D228CC8FDD004E3077 /* Resources */ = {
			isa = PBXResourcesBuildPhase;
			buildActionMask = 2147483647;
			files = (
			);
			runOnlyForDeploymentPostprocessing = 0;
		};
/* End PBXResourcesBuildPhase section */

/* Begin PBXSourcesBuildPhase section */
		B5B914B028CC8FDB004E3077 /* Sources */ = {
			isa = PBXSourcesBuildPhase;
			buildActionMask = 2147483647;
			files = (
				B5B9155228CC9DC5004E3077 /* SettingsView.swift in Sources */,
				B5B9154828CC9D21004E3077 /* DetailsCollectionCell.swift in Sources */,
				B5B914EE28CC9384004E3077 /* NetworkManager.swift in Sources */,
				B5B9153628CC9C23004E3077 /* MainInfoSectionViewModel.swift in Sources */,
				B5B9151928CC98C1004E3077 /* MainView.swift in Sources */,
				B5B9152028CC9959004E3077 /* MainCollectionViewViewModel.swift in Sources */,
				B5B9154D28CC9D6D004E3077 /* DetailsPresenter.swift in Sources */,
				B5B9153E28CC9C8F004E3077 /* MainPresenter.swift in Sources */,
				B5B9152328CC998E004E3077 /* MainCollectionViewCell.swift in Sources */,
				B5B9154228CC9CCF004E3077 /* DetailsViewController.swift in Sources */,
				B5B9153A28CC9C3C004E3077 /* MainButtonSectionViewModel.swift in Sources */,
				B5B9150928CC975D004E3077 /* BasePresenter.swift in Sources */,
				B5B9152A28CC9A1A004E3077 /* MainTableViewViewModel.swift in Sources */,
				B5B9152628CC99BF004E3077 /* MainCollectionViewCellViewModelProtocol.swift in Sources */,
				B5B914F028CC93A6004E3077 /* DataManager.swift in Sources */,
				B5B9154B28CC9D4E004E3077 /* DetailsCollectionCellViewModel.swift in Sources */,
				B5B9155628CC9DEE004E3077 /* SettingsPresenter.swift in Sources */,
				B5B9151E28CC9926004E3077 /* MainViewHeader.swift in Sources */,
				B5B9152D28CC9B92004E3077 /* MainFirstSectionTableViewCell.swift in Sources */,
				B5B9151528CC9875004E3077 /* MainViewController.swift in Sources */,
				B5B9153828CC9C2F004E3077 /* MainStageSectionViewModel.swift in Sources */,
				B5B9151328CC984F004E3077 /* RocketData.swift in Sources */,
				B5B9154028CC9CAE004E3077 /* LaunchModel.swift in Sources */,
				B5B914F728CC95D0004E3077 /* NavigationController.swift in Sources */,
				B5B914B828CC8FDB004E3077 /* AppDelegate.swift in Sources */,
				B5B9155428CC9DD2004E3077 /* SettingsItemView.swift in Sources */,
				B5B914F928CC95E4004E3077 /* Router.swift in Sources */,
				B5B9153128CC9BD2004E3077 /* MainShowButtonCell.swift in Sources */,
				B5B9152F28CC9BA5004E3077 /* MainStageSectionCell.swift in Sources */,
				B5B9150428CC970F004E3077 /* RocketModel.swift in Sources */,
				B5B9153428CC9C14004E3077 /* MainTableViewCellViewModel.swift in Sources */,
				B5B914FB28CC9607004E3077 /* AssemblyBuilder.swift in Sources */,
				B5B9154F28CC9D8C004E3077 /* SettingsViewController.swift in Sources */,
				B5B9154628CC9D09004E3077 /* DetailsCollectionViewModel.swift in Sources */,
				B5B9153C28CC9C58004E3077 /* MainSectionHeader.swift in Sources */,
				B5B914BA28CC8FDB004E3077 /* SceneDelegate.swift in Sources */,
				B5B9150728CC9743004E3077 /* BasePageViewController.swift in Sources */,
			);
			runOnlyForDeploymentPostprocessing = 0;
		};
		B5B914C628CC8FDD004E3077 /* Sources */ = {
			isa = PBXSourcesBuildPhase;
			buildActionMask = 2147483647;
			files = (
				B5B914CF28CC8FDD004E3077 /* SpaceXTests.swift in Sources */,
			);
			runOnlyForDeploymentPostprocessing = 0;
		};
		B5B914D028CC8FDD004E3077 /* Sources */ = {
			isa = PBXSourcesBuildPhase;
			buildActionMask = 2147483647;
			files = (
				B5B914DB28CC8FDD004E3077 /* SpaceXUITestsLaunchTests.swift in Sources */,
				B5B914D928CC8FDD004E3077 /* SpaceXUITests.swift in Sources */,
			);
			runOnlyForDeploymentPostprocessing = 0;
		};
/* End PBXSourcesBuildPhase section */

/* Begin PBXTargetDependency section */
		B5B914CC28CC8FDD004E3077 /* PBXTargetDependency */ = {
			isa = PBXTargetDependency;
			target = B5B914B328CC8FDB004E3077 /* SpaceX */;
			targetProxy = B5B914CB28CC8FDD004E3077 /* PBXContainerItemProxy */;
		};
		B5B914D628CC8FDD004E3077 /* PBXTargetDependency */ = {
			isa = PBXTargetDependency;
			target = B5B914B328CC8FDB004E3077 /* SpaceX */;
			targetProxy = B5B914D528CC8FDD004E3077 /* PBXContainerItemProxy */;
		};
/* End PBXTargetDependency section */

/* Begin PBXVariantGroup section */
		B5B914BD28CC8FDB004E3077 /* Main.storyboard */ = {
			isa = PBXVariantGroup;
			children = (
				B5B914BE28CC8FDB004E3077 /* Base */,
			);
			name = Main.storyboard;
			sourceTree = "<group>";
		};
		B5B914C228CC8FDC004E3077 /* LaunchScreen.storyboard */ = {
			isa = PBXVariantGroup;
			children = (
				B5B914C328CC8FDC004E3077 /* Base */,
			);
			name = LaunchScreen.storyboard;
			sourceTree = "<group>";
		};
/* End PBXVariantGroup section */

/* Begin XCBuildConfiguration section */
		B5B914DC28CC8FDD004E3077 /* Debug */ = {
			isa = XCBuildConfiguration;
			buildSettings = {
				ALWAYS_SEARCH_USER_PATHS = NO;
				CLANG_ANALYZER_NONNULL = YES;
				CLANG_ANALYZER_NUMBER_OBJECT_CONVERSION = YES_AGGRESSIVE;
				CLANG_CXX_LANGUAGE_STANDARD = "gnu++17";
				CLANG_CXX_LIBRARY = "libc++";
				CLANG_ENABLE_MODULES = YES;
				CLANG_ENABLE_OBJC_ARC = YES;
				CLANG_ENABLE_OBJC_WEAK = YES;
				CLANG_WARN_BLOCK_CAPTURE_AUTORELEASING = YES;
				CLANG_WARN_BOOL_CONVERSION = YES;
				CLANG_WARN_COMMA = YES;
				CLANG_WARN_CONSTANT_CONVERSION = YES;
				CLANG_WARN_DEPRECATED_OBJC_IMPLEMENTATIONS = YES;
				CLANG_WARN_DIRECT_OBJC_ISA_USAGE = YES_ERROR;
				CLANG_WARN_DOCUMENTATION_COMMENTS = YES;
				CLANG_WARN_EMPTY_BODY = YES;
				CLANG_WARN_ENUM_CONVERSION = YES;
				CLANG_WARN_INFINITE_RECURSION = YES;
				CLANG_WARN_INT_CONVERSION = YES;
				CLANG_WARN_NON_LITERAL_NULL_CONVERSION = YES;
				CLANG_WARN_OBJC_IMPLICIT_RETAIN_SELF = YES;
				CLANG_WARN_OBJC_LITERAL_CONVERSION = YES;
				CLANG_WARN_OBJC_ROOT_CLASS = YES_ERROR;
				CLANG_WARN_QUOTED_INCLUDE_IN_FRAMEWORK_HEADER = YES;
				CLANG_WARN_RANGE_LOOP_ANALYSIS = YES;
				CLANG_WARN_STRICT_PROTOTYPES = YES;
				CLANG_WARN_SUSPICIOUS_MOVE = YES;
				CLANG_WARN_UNGUARDED_AVAILABILITY = YES_AGGRESSIVE;
				CLANG_WARN_UNREACHABLE_CODE = YES;
				CLANG_WARN__DUPLICATE_METHOD_MATCH = YES;
				COPY_PHASE_STRIP = NO;
				DEBUG_INFORMATION_FORMAT = dwarf;
				ENABLE_STRICT_OBJC_MSGSEND = YES;
				ENABLE_TESTABILITY = YES;
				GCC_C_LANGUAGE_STANDARD = gnu11;
				GCC_DYNAMIC_NO_PIC = NO;
				GCC_NO_COMMON_BLOCKS = YES;
				GCC_OPTIMIZATION_LEVEL = 0;
				GCC_PREPROCESSOR_DEFINITIONS = (
					"DEBUG=1",
					"$(inherited)",
				);
				GCC_WARN_64_TO_32_BIT_CONVERSION = YES;
				GCC_WARN_ABOUT_RETURN_TYPE = YES_ERROR;
				GCC_WARN_UNDECLARED_SELECTOR = YES;
				GCC_WARN_UNINITIALIZED_AUTOS = YES_AGGRESSIVE;
				GCC_WARN_UNUSED_FUNCTION = YES;
				GCC_WARN_UNUSED_VARIABLE = YES;
				IPHONEOS_DEPLOYMENT_TARGET = 15.2;
				MTL_ENABLE_DEBUG_INFO = INCLUDE_SOURCE;
				MTL_FAST_MATH = YES;
				ONLY_ACTIVE_ARCH = YES;
				SDKROOT = iphoneos;
				SWIFT_ACTIVE_COMPILATION_CONDITIONS = DEBUG;
				SWIFT_OPTIMIZATION_LEVEL = "-Onone";
			};
			name = Debug;
		};
		B5B914DD28CC8FDD004E3077 /* Release */ = {
			isa = XCBuildConfiguration;
			buildSettings = {
				ALWAYS_SEARCH_USER_PATHS = NO;
				CLANG_ANALYZER_NONNULL = YES;
				CLANG_ANALYZER_NUMBER_OBJECT_CONVERSION = YES_AGGRESSIVE;
				CLANG_CXX_LANGUAGE_STANDARD = "gnu++17";
				CLANG_CXX_LIBRARY = "libc++";
				CLANG_ENABLE_MODULES = YES;
				CLANG_ENABLE_OBJC_ARC = YES;
				CLANG_ENABLE_OBJC_WEAK = YES;
				CLANG_WARN_BLOCK_CAPTURE_AUTORELEASING = YES;
				CLANG_WARN_BOOL_CONVERSION = YES;
				CLANG_WARN_COMMA = YES;
				CLANG_WARN_CONSTANT_CONVERSION = YES;
				CLANG_WARN_DEPRECATED_OBJC_IMPLEMENTATIONS = YES;
				CLANG_WARN_DIRECT_OBJC_ISA_USAGE = YES_ERROR;
				CLANG_WARN_DOCUMENTATION_COMMENTS = YES;
				CLANG_WARN_EMPTY_BODY = YES;
				CLANG_WARN_ENUM_CONVERSION = YES;
				CLANG_WARN_INFINITE_RECURSION = YES;
				CLANG_WARN_INT_CONVERSION = YES;
				CLANG_WARN_NON_LITERAL_NULL_CONVERSION = YES;
				CLANG_WARN_OBJC_IMPLICIT_RETAIN_SELF = YES;
				CLANG_WARN_OBJC_LITERAL_CONVERSION = YES;
				CLANG_WARN_OBJC_ROOT_CLASS = YES_ERROR;
				CLANG_WARN_QUOTED_INCLUDE_IN_FRAMEWORK_HEADER = YES;
				CLANG_WARN_RANGE_LOOP_ANALYSIS = YES;
				CLANG_WARN_STRICT_PROTOTYPES = YES;
				CLANG_WARN_SUSPICIOUS_MOVE = YES;
				CLANG_WARN_UNGUARDED_AVAILABILITY = YES_AGGRESSIVE;
				CLANG_WARN_UNREACHABLE_CODE = YES;
				CLANG_WARN__DUPLICATE_METHOD_MATCH = YES;
				COPY_PHASE_STRIP = NO;
				DEBUG_INFORMATION_FORMAT = "dwarf-with-dsym";
				ENABLE_NS_ASSERTIONS = NO;
				ENABLE_STRICT_OBJC_MSGSEND = YES;
				GCC_C_LANGUAGE_STANDARD = gnu11;
				GCC_NO_COMMON_BLOCKS = YES;
				GCC_WARN_64_TO_32_BIT_CONVERSION = YES;
				GCC_WARN_ABOUT_RETURN_TYPE = YES_ERROR;
				GCC_WARN_UNDECLARED_SELECTOR = YES;
				GCC_WARN_UNINITIALIZED_AUTOS = YES_AGGRESSIVE;
				GCC_WARN_UNUSED_FUNCTION = YES;
				GCC_WARN_UNUSED_VARIABLE = YES;
				IPHONEOS_DEPLOYMENT_TARGET = 15.2;
				MTL_ENABLE_DEBUG_INFO = NO;
				MTL_FAST_MATH = YES;
				SDKROOT = iphoneos;
				SWIFT_COMPILATION_MODE = wholemodule;
				SWIFT_OPTIMIZATION_LEVEL = "-O";
				VALIDATE_PRODUCT = YES;
			};
			name = Release;
		};
		B5B914DF28CC8FDD004E3077 /* Debug */ = {
			isa = XCBuildConfiguration;
			buildSettings = {
				ASSETCATALOG_COMPILER_APPICON_NAME = AppIcon;
				ASSETCATALOG_COMPILER_GLOBAL_ACCENT_COLOR_NAME = AccentColor;
				CODE_SIGN_STYLE = Automatic;
				CURRENT_PROJECT_VERSION = 1;
				DEVELOPMENT_TEAM = GQU4PC2XPJ;
				GENERATE_INFOPLIST_FILE = YES;
				INFOPLIST_FILE = SpaceX/Core/PropertyList/Info.plist;
				INFOPLIST_KEY_UIApplicationSupportsIndirectInputEvents = YES;
				INFOPLIST_KEY_UILaunchStoryboardName = LaunchScreen;
				INFOPLIST_KEY_UIMainStoryboardFile = Main;
				INFOPLIST_KEY_UISupportedInterfaceOrientations_iPad = "UIInterfaceOrientationPortrait UIInterfaceOrientationPortraitUpsideDown UIInterfaceOrientationLandscapeLeft UIInterfaceOrientationLandscapeRight";
				INFOPLIST_KEY_UISupportedInterfaceOrientations_iPhone = "UIInterfaceOrientationPortrait UIInterfaceOrientationLandscapeLeft UIInterfaceOrientationLandscapeRight";
				LD_RUNPATH_SEARCH_PATHS = (
					"$(inherited)",
					"@executable_path/Frameworks",
				);
				MARKETING_VERSION = 1.0;
				PRODUCT_BUNDLE_IDENTIFIER = "Maksim-Ozhgibecov.SpaceX";
				PRODUCT_NAME = "$(TARGET_NAME)";
				SWIFT_EMIT_LOC_STRINGS = YES;
				SWIFT_VERSION = 5.0;
				TARGETED_DEVICE_FAMILY = "1,2";
			};
			name = Debug;
		};
		B5B914E028CC8FDD004E3077 /* Release */ = {
			isa = XCBuildConfiguration;
			buildSettings = {
				ASSETCATALOG_COMPILER_APPICON_NAME = AppIcon;
				ASSETCATALOG_COMPILER_GLOBAL_ACCENT_COLOR_NAME = AccentColor;
				CODE_SIGN_STYLE = Automatic;
				CURRENT_PROJECT_VERSION = 1;
				DEVELOPMENT_TEAM = GQU4PC2XPJ;
				GENERATE_INFOPLIST_FILE = YES;
				INFOPLIST_FILE = SpaceX/Core/PropertyList/Info.plist;
				INFOPLIST_KEY_UIApplicationSupportsIndirectInputEvents = YES;
				INFOPLIST_KEY_UILaunchStoryboardName = LaunchScreen;
				INFOPLIST_KEY_UIMainStoryboardFile = Main;
				INFOPLIST_KEY_UISupportedInterfaceOrientations_iPad = "UIInterfaceOrientationPortrait UIInterfaceOrientationPortraitUpsideDown UIInterfaceOrientationLandscapeLeft UIInterfaceOrientationLandscapeRight";
				INFOPLIST_KEY_UISupportedInterfaceOrientations_iPhone = "UIInterfaceOrientationPortrait UIInterfaceOrientationLandscapeLeft UIInterfaceOrientationLandscapeRight";
				LD_RUNPATH_SEARCH_PATHS = (
					"$(inherited)",
					"@executable_path/Frameworks",
				);
				MARKETING_VERSION = 1.0;
				PRODUCT_BUNDLE_IDENTIFIER = "Maksim-Ozhgibecov.SpaceX";
				PRODUCT_NAME = "$(TARGET_NAME)";
				SWIFT_EMIT_LOC_STRINGS = YES;
				SWIFT_VERSION = 5.0;
				TARGETED_DEVICE_FAMILY = "1,2";
			};
			name = Release;
		};
		B5B914E228CC8FDD004E3077 /* Debug */ = {
			isa = XCBuildConfiguration;
			buildSettings = {
				ALWAYS_EMBED_SWIFT_STANDARD_LIBRARIES = YES;
				BUNDLE_LOADER = "$(TEST_HOST)";
				CODE_SIGN_STYLE = Automatic;
				CURRENT_PROJECT_VERSION = 1;
				DEVELOPMENT_TEAM = GQU4PC2XPJ;
				GENERATE_INFOPLIST_FILE = YES;
				IPHONEOS_DEPLOYMENT_TARGET = 15.2;
				MARKETING_VERSION = 1.0;
				PRODUCT_BUNDLE_IDENTIFIER = "Maksim-Ozhgibecov.SpaceXTests";
				PRODUCT_NAME = "$(TARGET_NAME)";
				SWIFT_EMIT_LOC_STRINGS = NO;
				SWIFT_VERSION = 5.0;
				TARGETED_DEVICE_FAMILY = "1,2";
				TEST_HOST = "$(BUILT_PRODUCTS_DIR)/SpaceX.app/SpaceX";
			};
			name = Debug;
		};
		B5B914E328CC8FDD004E3077 /* Release */ = {
			isa = XCBuildConfiguration;
			buildSettings = {
				ALWAYS_EMBED_SWIFT_STANDARD_LIBRARIES = YES;
				BUNDLE_LOADER = "$(TEST_HOST)";
				CODE_SIGN_STYLE = Automatic;
				CURRENT_PROJECT_VERSION = 1;
				DEVELOPMENT_TEAM = GQU4PC2XPJ;
				GENERATE_INFOPLIST_FILE = YES;
				IPHONEOS_DEPLOYMENT_TARGET = 15.2;
				MARKETING_VERSION = 1.0;
				PRODUCT_BUNDLE_IDENTIFIER = "Maksim-Ozhgibecov.SpaceXTests";
				PRODUCT_NAME = "$(TARGET_NAME)";
				SWIFT_EMIT_LOC_STRINGS = NO;
				SWIFT_VERSION = 5.0;
				TARGETED_DEVICE_FAMILY = "1,2";
				TEST_HOST = "$(BUILT_PRODUCTS_DIR)/SpaceX.app/SpaceX";
			};
			name = Release;
		};
		B5B914E528CC8FDD004E3077 /* Debug */ = {
			isa = XCBuildConfiguration;
			buildSettings = {
				ALWAYS_EMBED_SWIFT_STANDARD_LIBRARIES = YES;
				CODE_SIGN_STYLE = Automatic;
				CURRENT_PROJECT_VERSION = 1;
				DEVELOPMENT_TEAM = GQU4PC2XPJ;
				GENERATE_INFOPLIST_FILE = YES;
				MARKETING_VERSION = 1.0;
				PRODUCT_BUNDLE_IDENTIFIER = "Maksim-Ozhgibecov.SpaceXUITests";
				PRODUCT_NAME = "$(TARGET_NAME)";
				SWIFT_EMIT_LOC_STRINGS = NO;
				SWIFT_VERSION = 5.0;
				TARGETED_DEVICE_FAMILY = "1,2";
				TEST_TARGET_NAME = SpaceX;
			};
			name = Debug;
		};
		B5B914E628CC8FDD004E3077 /* Release */ = {
			isa = XCBuildConfiguration;
			buildSettings = {
				ALWAYS_EMBED_SWIFT_STANDARD_LIBRARIES = YES;
				CODE_SIGN_STYLE = Automatic;
				CURRENT_PROJECT_VERSION = 1;
				DEVELOPMENT_TEAM = GQU4PC2XPJ;
				GENERATE_INFOPLIST_FILE = YES;
				MARKETING_VERSION = 1.0;
				PRODUCT_BUNDLE_IDENTIFIER = "Maksim-Ozhgibecov.SpaceXUITests";
				PRODUCT_NAME = "$(TARGET_NAME)";
				SWIFT_EMIT_LOC_STRINGS = NO;
				SWIFT_VERSION = 5.0;
				TARGETED_DEVICE_FAMILY = "1,2";
				TEST_TARGET_NAME = SpaceX;
			};
			name = Release;
		};
/* End XCBuildConfiguration section */

/* Begin XCConfigurationList section */
		B5B914AF28CC8FDB004E3077 /* Build configuration list for PBXProject "SpaceX" */ = {
			isa = XCConfigurationList;
			buildConfigurations = (
				B5B914DC28CC8FDD004E3077 /* Debug */,
				B5B914DD28CC8FDD004E3077 /* Release */,
			);
			defaultConfigurationIsVisible = 0;
			defaultConfigurationName = Release;
		};
		B5B914DE28CC8FDD004E3077 /* Build configuration list for PBXNativeTarget "SpaceX" */ = {
			isa = XCConfigurationList;
			buildConfigurations = (
				B5B914DF28CC8FDD004E3077 /* Debug */,
				B5B914E028CC8FDD004E3077 /* Release */,
			);
			defaultConfigurationIsVisible = 0;
			defaultConfigurationName = Release;
		};
		B5B914E128CC8FDD004E3077 /* Build configuration list for PBXNativeTarget "SpaceXTests" */ = {
			isa = XCConfigurationList;
			buildConfigurations = (
				B5B914E228CC8FDD004E3077 /* Debug */,
				B5B914E328CC8FDD004E3077 /* Release */,
			);
			defaultConfigurationIsVisible = 0;
			defaultConfigurationName = Release;
		};
		B5B914E428CC8FDD004E3077 /* Build configuration list for PBXNativeTarget "SpaceXUITests" */ = {
			isa = XCConfigurationList;
			buildConfigurations = (
				B5B914E528CC8FDD004E3077 /* Debug */,
				B5B914E628CC8FDD004E3077 /* Release */,
			);
			defaultConfigurationIsVisible = 0;
			defaultConfigurationName = Release;
		};
/* End XCConfigurationList section */
	};
	rootObject = B5B914AC28CC8FDB004E3077 /* Project object */;
}
